
Microsoft Visual Studio Solution File, Format Version 12.00
# Visual Studio Version 16
VisualStudioVersion = 25.0.1704.1
MinimumVisualStudioVersion = 10.0.40219.1
Project("{FAE04EC0-301F-11D3-BF4B-00C04F79EFBC}") = "DCD-Store", "DCD-Store\DCD-Store.csproj", "{1E48767F-E8C1-4FAE-A190-38A85E2AC311}"
EndProject
Global
	GlobalSection(SolutionConfigurationPlatforms) = preSolution
		Debug|Any CPU = Debug|Any CPU
		Release|Any CPU = Release|Any CPU
	EndGlobalSection
	GlobalSection(ProjectConfigurationPlatforms) = postSolution
		{1E48767F-E8C1-4FAE-A190-38A85E2AC311}.Debug|Any CPU.ActiveCfg = Debug|Any CPU
		{1E48767F-E8C1-4FAE-A190-38A85E2AC311}.Debug|Any CPU.Build.0 = Debug|Any CPU
		{1E48767F-E8C1-4FAE-A190-38A85E2AC311}.Release|Any CPU.ActiveCfg = Release|Any CPU
		{1E48767F-E8C1-4FAE-A190-38A85E2AC311}.Release|Any CPU.Build.0 = Release|Any CPU
	EndGlobalSection
	GlobalSection(SolutionProperties) = preSolution
		HideSolutionNode = FALSE
	EndGlobalSection
	GlobalSection(ExtensibilityGlobals) = postSolution
		SolutionGuid = {BB2A4446-755C-4771-95D5-274B8C453CDD}
	EndGlobalSection
EndGlobal
